// !$*UTF8*$!
{
	archiveVersion = 1;
	classes = {
	};
	objectVersion = 46;
	objects = {

/* Begin PBXBuildFile section */
		2470DD981A75764E00552643 /* appcsecurity.h in CopyFiles */ = {isa = PBXBuildFile; fileRef = 2470DD971A75764E00552643 /* appcsecurity.h */; };
		2470DD9A1A75764E00552643 /* appcsecurity.m in Sources */ = {isa = PBXBuildFile; fileRef = 2470DD991A75764E00552643 /* appcsecurity.m */; };
		2470DDA01A75764E00552643 /* libappcsecurity.a in Frameworks */ = {isa = PBXBuildFile; fileRef = 2470DD941A75764D00552643 /* libappcsecurity.a */; };
/* End PBXBuildFile section */

/* Begin PBXContainerItemProxy section */
		2470DDA11A75764E00552643 /* PBXContainerItemProxy */ = {
			isa = PBXContainerItemProxy;
			containerPortal = 2470DD8C1A75764D00552643 /* Project object */;
			proxyType = 1;
			remoteGlobalIDString = 2470DD931A75764D00552643;
			remoteInfo = appcsecurity;
		};
/* End PBXContainerItemProxy section */

/* Begin PBXCopyFilesBuildPhase section */
		2470DD921A75764D00552643 /* CopyFiles */ = {
			isa = PBXCopyFilesBuildPhase;
			buildActionMask = 2147483647;
			dstPath = "include/$(PRODUCT_NAME)";
			dstSubfolderSpec = 16;
			files = (
				2470DD981A75764E00552643 /* appcsecurity.h in CopyFiles */,
			);
			runOnlyForDeploymentPostprocessing = 0;
		};
/* End PBXCopyFilesBuildPhase section */

/* Begin PBXFileReference section */
		2470DD941A75764D00552643 /* libappcsecurity.a */ = {isa = PBXFileReference; explicitFileType = archive.ar; includeInIndex = 0; path = libappcsecurity.a; sourceTree = BUILT_PRODUCTS_DIR; };
		2470DD971A75764E00552643 /* appcsecurity.h */ = {isa = PBXFileReference; lastKnownFileType = sourcecode.c.h; path = appcsecurity.h; sourceTree = "<group>"; };
		2470DD991A75764E00552643 /* appcsecurity.m */ = {isa = PBXFileReference; lastKnownFileType = sourcecode.c.objc; path = appcsecurity.m; sourceTree = "<group>"; };
		2470DD9F1A75764E00552643 /* appcsecurityTests.xctest */ = {isa = PBXFileReference; explicitFileType = wrapper.cfbundle; includeInIndex = 0; path = appcsecurityTests.xctest; sourceTree = BUILT_PRODUCTS_DIR; };
		2470DDA51A75764E00552643 /* Info.plist */ = {isa = PBXFileReference; lastKnownFileType = text.plist.xml; path = Info.plist; sourceTree = "<group>"; };
/* End PBXFileReference section */

/* Begin PBXFrameworksBuildPhase section */
		2470DD911A75764D00552643 /* Frameworks */ = {
			isa = PBXFrameworksBuildPhase;
			buildActionMask = 2147483647;
			files = (
			);
			runOnlyForDeploymentPostprocessing = 0;
		};
		2470DD9C1A75764E00552643 /* Frameworks */ = {
			isa = PBXFrameworksBuildPhase;
			buildActionMask = 2147483647;
			files = (
				2470DDA01A75764E00552643 /* libappcsecurity.a in Frameworks */,
			);
			runOnlyForDeploymentPostprocessing = 0;
		};
/* End PBXFrameworksBuildPhase section */

/* Begin PBXGroup section */
		2470DD8B1A75764D00552643 = {
			isa = PBXGroup;
			children = (
				2470DD961A75764D00552643 /* appcsecurity */,
				2470DDA31A75764E00552643 /* appcsecurityTests */,
				2470DD951A75764D00552643 /* Products */,
			);
			sourceTree = "<group>";
		};
		2470DD951A75764D00552643 /* Products */ = {
			isa = PBXGroup;
			children = (
				2470DD941A75764D00552643 /* libappcsecurity.a */,
				2470DD9F1A75764E00552643 /* appcsecurityTests.xctest */,
			);
			name = Products;
			sourceTree = "<group>";
		};
		2470DD961A75764D00552643 /* appcsecurity */ = {
			isa = PBXGroup;
			children = (
				2470DD971A75764E00552643 /* appcsecurity.h */,
				2470DD991A75764E00552643 /* appcsecurity.m */,
			);
			path = appcsecurity;
			sourceTree = "<group>";
		};
		2470DDA31A75764E00552643 /* appcsecurityTests */ = {
			isa = PBXGroup;
			children = (
				2470DDA41A75764E00552643 /* Supporting Files */,
			);
			path = appcsecurityTests;
			sourceTree = "<group>";
		};
		2470DDA41A75764E00552643 /* Supporting Files */ = {
			isa = PBXGroup;
			children = (
				2470DDA51A75764E00552643 /* Info.plist */,
			);
			name = "Supporting Files";
			sourceTree = "<group>";
		};
/* End PBXGroup section */

/* Begin PBXNativeTarget section */
		2470DD931A75764D00552643 /* appcsecurity */ = {
			isa = PBXNativeTarget;
			buildConfigurationList = 2470DDA81A75764E00552643 /* Build configuration list for PBXNativeTarget "appcsecurity" */;
			buildPhases = (
				2470DD901A75764D00552643 /* Sources */,
				2470DD911A75764D00552643 /* Frameworks */,
				2470DD921A75764D00552643 /* CopyFiles */,
			);
			buildRules = (
			);
			dependencies = (
			);
			name = appcsecurity;
			productName = appcsecurity;
			productReference = 2470DD941A75764D00552643 /* libappcsecurity.a */;
			productType = "com.apple.product-type.library.static";
		};
		2470DD9E1A75764E00552643 /* appcsecurityTests */ = {
			isa = PBXNativeTarget;
			buildConfigurationList = 2470DDAB1A75764E00552643 /* Build configuration list for PBXNativeTarget "appcsecurityTests" */;
			buildPhases = (
				2470DD9B1A75764E00552643 /* Sources */,
				2470DD9C1A75764E00552643 /* Frameworks */,
				2470DD9D1A75764E00552643 /* Resources */,
			);
			buildRules = (
			);
			dependencies = (
				2470DDA21A75764E00552643 /* PBXTargetDependency */,
			);
			name = appcsecurityTests;
			productName = appcsecurityTests;
			productReference = 2470DD9F1A75764E00552643 /* appcsecurityTests.xctest */;
			productType = "com.apple.product-type.bundle.unit-test";
		};
/* End PBXNativeTarget section */

/* Begin PBXProject section */
		2470DD8C1A75764D00552643 /* Project object */ = {
			isa = PBXProject;
			attributes = {
				LastUpgradeCheck = 0610;
				ORGANIZATIONNAME = "Jeff Haynie";
				TargetAttributes = {
					2470DD931A75764D00552643 = {
						CreatedOnToolsVersion = 6.1.1;
					};
					2470DD9E1A75764E00552643 = {
						CreatedOnToolsVersion = 6.1.1;
					};
				};
			};
			buildConfigurationList = 2470DD8F1A75764D00552643 /* Build configuration list for PBXProject "appcsecurity" */;
			compatibilityVersion = "Xcode 3.2";
			developmentRegion = English;
			hasScannedForEncodings = 0;
			knownRegions = (
				en,
			);
			mainGroup = 2470DD8B1A75764D00552643;
			productRefGroup = 2470DD951A75764D00552643 /* Products */;
			projectDirPath = "";
			projectRoot = "";
			targets = (
				2470DD931A75764D00552643 /* appcsecurity */,
				2470DD9E1A75764E00552643 /* appcsecurityTests */,
			);
		};
/* End PBXProject section */

/* Begin PBXResourcesBuildPhase section */
		2470DD9D1A75764E00552643 /* Resources */ = {
			isa = PBXResourcesBuildPhase;
			buildActionMask = 2147483647;
			files = (
			);
			runOnlyForDeploymentPostprocessing = 0;
		};
/* End PBXResourcesBuildPhase section */

/* Begin PBXSourcesBuildPhase section */
		2470DD901A75764D00552643 /* Sources */ = {
			isa = PBXSourcesBuildPhase;
			buildActionMask = 2147483647;
			files = (
				2470DD9A1A75764E00552643 /* appcsecurity.m in Sources */,
			);
			runOnlyForDeploymentPostprocessing = 0;
		};
		2470DD9B1A75764E00552643 /* Sources */ = {
			isa = PBXSourcesBuildPhase;
			buildActionMask = 2147483647;
			files = (
			);
			runOnlyForDeploymentPostprocessing = 0;
		};
/* End PBXSourcesBuildPhase section */

/* Begin PBXTargetDependency section */
		2470DDA21A75764E00552643 /* PBXTargetDependency */ = {
			isa = PBXTargetDependency;
			target = 2470DD931A75764D00552643 /* appcsecurity */;
			targetProxy = 2470DDA11A75764E00552643 /* PBXContainerItemProxy */;
		};
/* End PBXTargetDependency section */

/* Begin XCBuildConfiguration section */
		2470DDA61A75764E00552643 /* Debug */ = {
			isa = XCBuildConfiguration;
			buildSettings = {
				ALWAYS_SEARCH_USER_PATHS = NO;
				CLANG_CXX_LANGUAGE_STANDARD = "gnu++0x";
				CLANG_CXX_LIBRARY = "libc++";
				CLANG_ENABLE_MODULES = YES;
				CLANG_ENABLE_OBJC_ARC = YES;
				CLANG_WARN_BOOL_CONVERSION = YES;
				CLANG_WARN_CONSTANT_CONVERSION = YES;
				CLANG_WARN_DIRECT_OBJC_ISA_USAGE = YES_ERROR;
				CLANG_WARN_EMPTY_BODY = YES;
				CLANG_WARN_ENUM_CONVERSION = YES;
				CLANG_WARN_INT_CONVERSION = YES;
				CLANG_WARN_OBJC_ROOT_CLASS = YES_ERROR;
				CLANG_WARN_UNREACHABLE_CODE = YES;
				CLANG_WARN__DUPLICATE_METHOD_MATCH = YES;
				COPY_PHASE_STRIP = NO;
				ENABLE_STRICT_OBJC_MSGSEND = YES;
				GCC_C_LANGUAGE_STANDARD = gnu99;
				GCC_DYNAMIC_NO_PIC = NO;
				GCC_OPTIMIZATION_LEVEL = 0;
				GCC_PREPROCESSOR_DEFINITIONS = (
					"DEBUG=1",
					"$(inherited)",
				);
				GCC_SYMBOLS_PRIVATE_EXTERN = NO;
				GCC_WARN_64_TO_32_BIT_CONVERSION = YES;
				GCC_WARN_ABOUT_RETURN_TYPE = YES_ERROR;
				GCC_WARN_UNDECLARED_SELECTOR = YES;
				GCC_WARN_UNINITIALIZED_AUTOS = YES_AGGRESSIVE;
				GCC_WARN_UNUSED_FUNCTION = YES;
				GCC_WARN_UNUSED_VARIABLE = YES;
				IPHONEOS_DEPLOYMENT_TARGET = 8.1;
				MTL_ENABLE_DEBUG_INFO = YES;
				ONLY_ACTIVE_ARCH = YES;
				SDKROOT = iphoneos;
			};
			name = Debug;
		};
		2470DDA71A75764E00552643 /* Release */ = {
			isa = XCBuildConfiguration;
			buildSettings = {
				ALWAYS_SEARCH_USER_PATHS = NO;
				CLANG_CXX_LANGUAGE_STANDARD = "gnu++0x";
				CLANG_CXX_LIBRARY = "libc++";
				CLANG_ENABLE_MODULES = YES;
				CLANG_ENABLE_OBJC_ARC = YES;
				CLANG_WARN_BOOL_CONVERSION = YES;
				CLANG_WARN_CONSTANT_CONVERSION = YES;
				CLANG_WARN_DIRECT_OBJC_ISA_USAGE = YES_ERROR;
				CLANG_WARN_EMPTY_BODY = YES;
				CLANG_WARN_ENUM_CONVERSION = YES;
				CLANG_WARN_INT_CONVERSION = YES;
				CLANG_WARN_OBJC_ROOT_CLASS = YES_ERROR;
				CLANG_WARN_UNREACHABLE_CODE = YES;
				CLANG_WARN__DUPLICATE_METHOD_MATCH = YES;
				COPY_PHASE_STRIP = YES;
				ENABLE_NS_ASSERTIONS = NO;
				ENABLE_STRICT_OBJC_MSGSEND = YES;
				GCC_C_LANGUAGE_STANDARD = gnu99;
				GCC_WARN_64_TO_32_BIT_CONVERSION = YES;
				GCC_WARN_ABOUT_RETURN_TYPE = YES_ERROR;
				GCC_WARN_UNDECLARED_SELECTOR = YES;
				GCC_WARN_UNINITIALIZED_AUTOS = YES_AGGRESSIVE;
				GCC_WARN_UNUSED_FUNCTION = YES;
				GCC_WARN_UNUSED_VARIABLE = YES;
				IPHONEOS_DEPLOYMENT_TARGET = 8.1;
				MTL_ENABLE_DEBUG_INFO = NO;
				SDKROOT = iphoneos;
				VALIDATE_PRODUCT = YES;
			};
			name = Release;
		};
		2470DDA91A75764E00552643 /* Debug */ = {
			isa = XCBuildConfiguration;
			buildSettings = {
				OTHER_LDFLAGS = "-ObjC";
				PRODUCT_NAME = "$(TARGET_NAME)";
				SKIP_INSTALL = YES;
			};
			name = Debug;
		};
		2470DDAA1A75764E00552643 /* Release */ = {
			isa = XCBuildConfiguration;
			buildSettings = {
				OTHER_LDFLAGS = "-ObjC";
				PRODUCT_NAME = "$(TARGET_NAME)";
				SKIP_INSTALL = YES;
			};
			name = Release;
		};
		2470DDAC1A75764E00552643 /* Debug */ = {
			isa = XCBuildConfiguration;
			buildSettings = {
				FRAMEWORK_SEARCH_PATHS = (
					"$(SDKROOT)/Developer/Library/Frameworks",
					"$(inherited)",
				);
				GCC_PREPROCESSOR_DEFINITIONS = (
					"DEBUG=1",
					"$(inherited)",
				);
				INFOPLIST_FILE = appcsecurityTests/Info.plist;
				LD_RUNPATH_SEARCH_PATHS = "$(inherited) @executable_path/Frameworks @loader_path/Frameworks";
				PRODUCT_NAME = "$(TARGET_NAME)";
			};
			name = Debug;
		};
		2470DDAD1A75764E00552643 /* Release */ = {
			isa = XCBuildConfiguration;
			buildSettings = {
				FRAMEWORK_SEARCH_PATHS = (
					"$(SDKROOT)/Developer/Library/Frameworks",
					"$(inherited)",
				);
				INFOPLIST_FILE = appcsecurityTests/Info.plist;
				LD_RUNPATH_SEARCH_PATHS = "$(inherited) @executable_path/Frameworks @loader_path/Frameworks";
				PRODUCT_NAME = "$(TARGET_NAME)";
			};
			name = Release;
		};
/* End XCBuildConfiguration section */

/* Begin XCConfigurationList section */
		2470DD8F1A75764D00552643 /* Build configuration list for PBXProject "appcsecurity" */ = {
			isa = XCConfigurationList;
			buildConfigurations = (
				2470DDA61A75764E00552643 /* Debug */,
				2470DDA71A75764E00552643 /* Release */,
			);
			defaultConfigurationIsVisible = 0;
			defaultConfigurationName = Release;
		};
		2470DDA81A75764E00552643 /* Build configuration list for PBXNativeTarget "appcsecurity" */ = {
			isa = XCConfigurationList;
			buildConfigurations = (
				2470DDA91A75764E00552643 /* Debug */,
				2470DDAA1A75764E00552643 /* Release */,
			);
			defaultConfigurationIsVisible = 0;
		};
		2470DDAB1A75764E00552643 /* Build configuration list for PBXNativeTarget "appcsecurityTests" */ = {
			isa = XCConfigurationList;
			buildConfigurations = (
				2470DDAC1A75764E00552643 /* Debug */,
				2470DDAD1A75764E00552643 /* Release */,
			);
			defaultConfigurationIsVisible = 0;
		};
/* End XCConfigurationList section */
	};
	rootObject = 2470DD8C1A75764D00552643 /* Project object */;
}
